{
  "name": "nvim",
  "lockfileVersion": 3,
  "requires": true,
  "packages": {
    "": {
      "dependencies": {
        "nil": "^0.0.7"
      }
    },
    "node_modules/nil": {
      "version": "0.0.7",
      "resolved": "https://registry.npmmirror.com/nil/-/nil-0.0.7.tgz",
      "integrity": "sha512-8lU0Iuzq/T4NikwHJLmfSrTrbwpvemvemX6yWev3xxccJSkyKM/ayoYJv9zGek/sn83kYO1IzVmjh+xJyYEuPw==",
      "hasInstallScript": true,
      "license": "MIT"
    }
  }
}
